
Microsoft Visual Studio Solution File, Format Version 12.00
# Visual Studio 15
VisualStudioVersion = 15.0.26124.0
MinimumVisualStudioVersion = 15.0.26124.0
Project("{2150E333-8FDC-42A3-9474-1A3956D46DE8}") = "src", "src", "{784EB56B-952B-4BCF-9B00-D0BC686C6161}"
EndProject
Project("{FAE04EC0-301F-11D3-BF4B-00C04F79EFBC}") = "SimpleAPI", "src\SimpleAPI\SimpleAPI.csproj", "{DC9863B9-CD3E-4C77-80D2-C7A46C759CBD}"
EndProject
Project("{2150E333-8FDC-42A3-9474-1A3956D46DE8}") = "test", "test", "{A68BDEC1-ADA2-4C7A-8965-76C7056D4B89}"
EndProject
Project("{FAE04EC0-301F-11D3-BF4B-00C04F79EFBC}") = "SimpleAPI.Tests", "test\SimpleAPI.Tests\SimpleAPI.Tests.csproj", "{70FB476E-5207-43CA-93B3-6C33693A7C04}"
EndProject
Global
	GlobalSection(SolutionConfigurationPlatforms) = preSolution
		Debug|Any CPU = Debug|Any CPU
		Debug|x64 = Debug|x64
		Debug|x86 = Debug|x86
		Release|Any CPU = Release|Any CPU
		Release|x64 = Release|x64
		Release|x86 = Release|x86
	EndGlobalSection
	GlobalSection(SolutionProperties) = preSolution
		HideSolutionNode = FALSE
	EndGlobalSection
	GlobalSection(ProjectConfigurationPlatforms) = postSolution
		{DC9863B9-CD3E-4C77-80D2-C7A46C759CBD}.Debug|Any CPU.ActiveCfg = Debug|Any CPU
		{DC9863B9-CD3E-4C77-80D2-C7A46C759CBD}.Debug|Any CPU.Build.0 = Debug|Any CPU
		{DC9863B9-CD3E-4C77-80D2-C7A46C759CBD}.Debug|x64.ActiveCfg = Debug|Any CPU
		{DC9863B9-CD3E-4C77-80D2-C7A46C759CBD}.Debug|x64.Build.0 = Debug|Any CPU
		{DC9863B9-CD3E-4C77-80D2-C7A46C759CBD}.Debug|x86.ActiveCfg = Debug|Any CPU
		{DC9863B9-CD3E-4C77-80D2-C7A46C759CBD}.Debug|x86.Build.0 = Debug|Any CPU
		{DC9863B9-CD3E-4C77-80D2-C7A46C759CBD}.Release|Any CPU.ActiveCfg = Release|Any CPU
		{DC9863B9-CD3E-4C77-80D2-C7A46C759CBD}.Release|Any CPU.Build.0 = Release|Any CPU
		{DC9863B9-CD3E-4C77-80D2-C7A46C759CBD}.Release|x64.ActiveCfg = Release|Any CPU
		{DC9863B9-CD3E-4C77-80D2-C7A46C759CBD}.Release|x64.Build.0 = Release|Any CPU
		{DC9863B9-CD3E-4C77-80D2-C7A46C759CBD}.Release|x86.ActiveCfg = Release|Any CPU
		{DC9863B9-CD3E-4C77-80D2-C7A46C759CBD}.Release|x86.Build.0 = Release|Any CPU
		{70FB476E-5207-43CA-93B3-6C33693A7C04}.Debug|Any CPU.ActiveCfg = Debug|Any CPU
		{70FB476E-5207-43CA-93B3-6C33693A7C04}.Debug|Any CPU.Build.0 = Debug|Any CPU
		{70FB476E-5207-43CA-93B3-6C33693A7C04}.Debug|x64.ActiveCfg = Debug|Any CPU
		{70FB476E-5207-43CA-93B3-6C33693A7C04}.Debug|x64.Build.0 = Debug|Any CPU
		{70FB476E-5207-43CA-93B3-6C33693A7C04}.Debug|x86.ActiveCfg = Debug|Any CPU
		{70FB476E-5207-43CA-93B3-6C33693A7C04}.Debug|x86.Build.0 = Debug|Any CPU
		{70FB476E-5207-43CA-93B3-6C33693A7C04}.Release|Any CPU.ActiveCfg = Release|Any CPU
		{70FB476E-5207-43CA-93B3-6C33693A7C04}.Release|Any CPU.Build.0 = Release|Any CPU
		{70FB476E-5207-43CA-93B3-6C33693A7C04}.Release|x64.ActiveCfg = Release|Any CPU
		{70FB476E-5207-43CA-93B3-6C33693A7C04}.Release|x64.Build.0 = Release|Any CPU
		{70FB476E-5207-43CA-93B3-6C33693A7C04}.Release|x86.ActiveCfg = Release|Any CPU
		{70FB476E-5207-43CA-93B3-6C33693A7C04}.Release|x86.Build.0 = Release|Any CPU
	EndGlobalSection
	GlobalSection(NestedProjects) = preSolution
		{DC9863B9-CD3E-4C77-80D2-C7A46C759CBD} = {784EB56B-952B-4BCF-9B00-D0BC686C6161}
		{70FB476E-5207-43CA-93B3-6C33693A7C04} = {A68BDEC1-ADA2-4C7A-8965-76C7056D4B89}
	EndGlobalSection
EndGlobal
